# THIS IS AN AUTOGENERATED FILE. DO NOT EDIT THIS FILE DIRECTLY.
# yarn lockfile v1


bobril-g11n@^3.0.0:
  version "3.0.0"
  resolved "https://registry.yarnpkg.com/bobril-g11n/-/bobril-g11n-3.0.0.tgz#548df718ca7c5449d513f5a95db1ebb98d122e5f"
  dependencies:
    moment "^2.10.6"

bobril@*:
  version "5.1.0"
  resolved "https://registry.yarnpkg.com/bobril/-/bobril-5.1.0.tgz#63e01ebd42ce0c4479c25f96ca119afc26c5b265"

moment@^2.10.6:
  version "2.17.1"
  resolved "https://registry.yarnpkg.com/moment/-/moment-2.17.1.tgz#fed9506063f36b10f066c8b59a144d7faebe1d82"

normalize.css@^3.0.3:
  version "3.0.3"
  resolved "https://registry.yarnpkg.com/normalize.css/-/normalize.css-3.0.3.tgz#acc00262e235a2caa91363a2e5e3bfa4f8ad05c6"
