# THIS IS AN AUTOGENERATED FILE. DO NOT EDIT THIS FILE DIRECTLY.
# yarn lockfile v1


bobril-g11n@^3.0.0:
  version "3.3.0"
  resolved "https://registry.yarnpkg.com/bobril-g11n/-/bobril-g11n-3.3.0.tgz#0b17728f19b564e75116e7154d1392119246be59"
  dependencies:
    moment "^2.10.6"

bobril@*:
  version "5.5.0"
  resolved "https://registry.yarnpkg.com/bobril/-/bobril-5.5.0.tgz#366cd6baf2c2b9d342bc738b4e7e5f6b50d8138e"

moment@^2.10.6:
  version "2.17.1"
  resolved "https://registry.yarnpkg.com/moment/-/moment-2.17.1.tgz#fed9506063f36b10f066c8b59a144d7faebe1d82"

normalize.css@^3.0.3:
  version "3.0.3"
  resolved "https://registry.yarnpkg.com/normalize.css/-/normalize.css-3.0.3.tgz#acc00262e235a2caa91363a2e5e3bfa4f8ad05c6"
